# This file is autogenerated, do not edit; changes may be undone by the next 'dep ensure'.


[[projects]]
  branch = "master"
  digest = "1:a9508d88987b33aa1933d1bb3516b9d442d2f812bfef5a7e2be7c00c83685255"
  name = "golang.org/x/crypto"
  packages = ["ocsp"]
  pruneopts = "UT"
  revision = "0e37d006457bf46f9e6692014ba72ef82c33022c"

[solve-meta]
  analyzer-name = "dep"
  analyzer-version = 1
  input-imports = ["golang.org/x/crypto/ocsp"]
  solver-name = "gps-cdcl"
  solver-version = 1
